
Microsoft Visual Studio Solution File, Format Version 12.00
# Visual Studio Version 17
VisualStudioVersion = 17.0.31903.59
MinimumVisualStudioVersion = 10.0.40219.1
Project("{2150E333-8FDC-42A3-9474-1A3956D46DE8}") = "src", "src", "{4D49FD5D-8F13-41CE-8F49-6A0881AA1C59}"
EndProject
Project("{FAE04EC0-301F-11D3-BF4B-00C04F79EFBC}") = "AuctionService", "src\AuctionService\AuctionService.csproj", "{FB80BABD-7ACF-460C-A6D5-DABA8AAA0677}"
EndProject
Project("{FAE04EC0-301F-11D3-BF4B-00C04F79EFBC}") = "SearchService", "src\SearchService\SearchService.csproj", "{115FDEB5-550C-4791-82DC-7347D7A8A175}"
EndProject
Project("{FAE04EC0-301F-11D3-BF4B-00C04F79EFBC}") = "Contracts", "src\Contracts\Contracts.csproj", "{A46F1AFA-66D7-4134-BA90-B6E72D2D1CA4}"
EndProject
Project("{FAE04EC0-301F-11D3-BF4B-00C04F79EFBC}") = "IdentityService", "src\IdentityService\IdentityService.csproj", "{C7C79413-DC3B-44D4-B0F4-029A5CC76DEA}"
EndProject
Project("{FAE04EC0-301F-11D3-BF4B-00C04F79EFBC}") = "GatewayService", "src\GatewayService\GatewayService.csproj", "{20D3FAA2-29F2-4136-AB14-AAFAE20C1AF9}"
EndProject
Project("{FAE04EC0-301F-11D3-BF4B-00C04F79EFBC}") = "BiddingService", "src\BiddingService\BiddingService.csproj", "{D892523C-19B0-4760-8C97-5818F980363C}"
EndProject
Global
	GlobalSection(SolutionConfigurationPlatforms) = preSolution
		Debug|Any CPU = Debug|Any CPU
		Release|Any CPU = Release|Any CPU
	EndGlobalSection
	GlobalSection(SolutionProperties) = preSolution
		HideSolutionNode = FALSE
	EndGlobalSection
	GlobalSection(ProjectConfigurationPlatforms) = postSolution
		{FB80BABD-7ACF-460C-A6D5-DABA8AAA0677}.Debug|Any CPU.ActiveCfg = Debug|Any CPU
		{FB80BABD-7ACF-460C-A6D5-DABA8AAA0677}.Debug|Any CPU.Build.0 = Debug|Any CPU
		{FB80BABD-7ACF-460C-A6D5-DABA8AAA0677}.Release|Any CPU.ActiveCfg = Release|Any CPU
		{FB80BABD-7ACF-460C-A6D5-DABA8AAA0677}.Release|Any CPU.Build.0 = Release|Any CPU
		{115FDEB5-550C-4791-82DC-7347D7A8A175}.Debug|Any CPU.ActiveCfg = Debug|Any CPU
		{115FDEB5-550C-4791-82DC-7347D7A8A175}.Debug|Any CPU.Build.0 = Debug|Any CPU
		{115FDEB5-550C-4791-82DC-7347D7A8A175}.Release|Any CPU.ActiveCfg = Release|Any CPU
		{115FDEB5-550C-4791-82DC-7347D7A8A175}.Release|Any CPU.Build.0 = Release|Any CPU
		{A46F1AFA-66D7-4134-BA90-B6E72D2D1CA4}.Debug|Any CPU.ActiveCfg = Debug|Any CPU
		{A46F1AFA-66D7-4134-BA90-B6E72D2D1CA4}.Debug|Any CPU.Build.0 = Debug|Any CPU
		{A46F1AFA-66D7-4134-BA90-B6E72D2D1CA4}.Release|Any CPU.ActiveCfg = Release|Any CPU
		{A46F1AFA-66D7-4134-BA90-B6E72D2D1CA4}.Release|Any CPU.Build.0 = Release|Any CPU
		{C7C79413-DC3B-44D4-B0F4-029A5CC76DEA}.Debug|Any CPU.ActiveCfg = Debug|Any CPU
		{C7C79413-DC3B-44D4-B0F4-029A5CC76DEA}.Debug|Any CPU.Build.0 = Debug|Any CPU
		{C7C79413-DC3B-44D4-B0F4-029A5CC76DEA}.Release|Any CPU.ActiveCfg = Release|Any CPU
		{C7C79413-DC3B-44D4-B0F4-029A5CC76DEA}.Release|Any CPU.Build.0 = Release|Any CPU
		{20D3FAA2-29F2-4136-AB14-AAFAE20C1AF9}.Debug|Any CPU.ActiveCfg = Debug|Any CPU
		{20D3FAA2-29F2-4136-AB14-AAFAE20C1AF9}.Debug|Any CPU.Build.0 = Debug|Any CPU
		{20D3FAA2-29F2-4136-AB14-AAFAE20C1AF9}.Release|Any CPU.ActiveCfg = Release|Any CPU
		{20D3FAA2-29F2-4136-AB14-AAFAE20C1AF9}.Release|Any CPU.Build.0 = Release|Any CPU
		{D892523C-19B0-4760-8C97-5818F980363C}.Debug|Any CPU.ActiveCfg = Debug|Any CPU
		{D892523C-19B0-4760-8C97-5818F980363C}.Debug|Any CPU.Build.0 = Debug|Any CPU
		{D892523C-19B0-4760-8C97-5818F980363C}.Release|Any CPU.ActiveCfg = Release|Any CPU
		{D892523C-19B0-4760-8C97-5818F980363C}.Release|Any CPU.Build.0 = Release|Any CPU
	EndGlobalSection
	GlobalSection(NestedProjects) = preSolution
		{FB80BABD-7ACF-460C-A6D5-DABA8AAA0677} = {4D49FD5D-8F13-41CE-8F49-6A0881AA1C59}
		{115FDEB5-550C-4791-82DC-7347D7A8A175} = {4D49FD5D-8F13-41CE-8F49-6A0881AA1C59}
		{A46F1AFA-66D7-4134-BA90-B6E72D2D1CA4} = {4D49FD5D-8F13-41CE-8F49-6A0881AA1C59}
		{C7C79413-DC3B-44D4-B0F4-029A5CC76DEA} = {4D49FD5D-8F13-41CE-8F49-6A0881AA1C59}
		{20D3FAA2-29F2-4136-AB14-AAFAE20C1AF9} = {4D49FD5D-8F13-41CE-8F49-6A0881AA1C59}
		{D892523C-19B0-4760-8C97-5818F980363C} = {4D49FD5D-8F13-41CE-8F49-6A0881AA1C59}
	EndGlobalSection
EndGlobal
